
Microsoft Visual Studio Solution File, Format Version 12.00
# Visual Studio Version 17
VisualStudioVersion = 17.14.36623.8 d17.14
MinimumVisualStudioVersion = 10.0.40219.1
Project("{FAE04EC0-301F-11D3-BF4B-00C04F79EFBC}") = "NotesApp", "NotesApp\NotesApp.csproj", "{9F304A11-A9E7-4BAE-9F8A-3050C122B308}"
EndProject
Global
	GlobalSection(SolutionConfigurationPlatforms) = preSolution
		Debug|Any CPU = Debug|Any CPU
		Release|Any CPU = Release|Any CPU
	EndGlobalSection
	GlobalSection(ProjectConfigurationPlatforms) = postSolution
		{9F304A11-A9E7-4BAE-9F8A-3050C122B308}.Debug|Any CPU.ActiveCfg = Debug|Any CPU
		{9F304A11-A9E7-4BAE-9F8A-3050C122B308}.Debug|Any CPU.Build.0 = Debug|Any CPU
		{9F304A11-A9E7-4BAE-9F8A-3050C122B308}.Release|Any CPU.ActiveCfg = Release|Any CPU
		{9F304A11-A9E7-4BAE-9F8A-3050C122B308}.Release|Any CPU.Build.0 = Release|Any CPU
	EndGlobalSection
	GlobalSection(SolutionProperties) = preSolution
		HideSolutionNode = FALSE
	EndGlobalSection
	GlobalSection(ExtensibilityGlobals) = postSolution
		SolutionGuid = {97747993-19CF-4FC0-BA82-7F90FC90896B}
	EndGlobalSection
EndGlobal
